// !$*UTF8*$!
{
	archiveVersion = 1;
	classes = {
	};
	objectVersion = 50;
	objects = {

/* Begin PBXBuildFile section */
		501A5944246B3F6500E1028F /* AppDelegate.swift in Sources */ = {isa = PBXBuildFile; fileRef = 501A5943246B3F6500E1028F /* AppDelegate.swift */; };
		501A5946246B3F6500E1028F /* SceneDelegate.swift in Sources */ = {isa = PBXBuildFile; fileRef = 501A5945246B3F6500E1028F /* SceneDelegate.swift */; };
		501A5948246B3F6500E1028F /* ViewController.swift in Sources */ = {isa = PBXBuildFile; fileRef = 501A5947246B3F6500E1028F /* ViewController.swift */; };
		501A594B246B3F6500E1028F /* Main.storyboard in Resources */ = {isa = PBXBuildFile; fileRef = 501A5949246B3F6500E1028F /* Main.storyboard */; };
		501A594E246B3F6500E1028F /* signarfy001.xcdatamodeld in Sources */ = {isa = PBXBuildFile; fileRef = 501A594C246B3F6500E1028F /* signarfy001.xcdatamodeld */; };
		501A5950246B3F8100E1028F /* Assets.xcassets in Resources */ = {isa = PBXBuildFile; fileRef = 501A594F246B3F8100E1028F /* Assets.xcassets */; };
		501A5953246B3F8100E1028F /* LaunchScreen.storyboard in Resources */ = {isa = PBXBuildFile; fileRef = 501A5951246B3F8100E1028F /* LaunchScreen.storyboard */; };
		501A595E246B3F8200E1028F /* signarfy001Tests.swift in Sources */ = {isa = PBXBuildFile; fileRef = 501A595D246B3F8200E1028F /* signarfy001Tests.swift */; };
		501A5969246B3F8200E1028F /* signarfy001UITests.swift in Sources */ = {isa = PBXBuildFile; fileRef = 501A5968246B3F8200E1028F /* signarfy001UITests.swift */; };
/* End PBXBuildFile section */

/* Begin PBXContainerItemProxy section */
		501A595A246B3F8200E1028F /* PBXContainerItemProxy */ = {
			isa = PBXContainerItemProxy;
			containerPortal = 501A5938246B3F6500E1028F /* Project object */;
			proxyType = 1;
			remoteGlobalIDString = 501A593F246B3F6500E1028F;
			remoteInfo = signarfy001;
		};
		501A5965246B3F8200E1028F /* PBXContainerItemProxy */ = {
			isa = PBXContainerItemProxy;
			containerPortal = 501A5938246B3F6500E1028F /* Project object */;
			proxyType = 1;
			remoteGlobalIDString = 501A593F246B3F6500E1028F;
			remoteInfo = signarfy001;
		};
/* End PBXContainerItemProxy section */

/* Begin PBXFileReference section */
		501A5940246B3F6500E1028F /* signarfy001.app */ = {isa = PBXFileReference; explicitFileType = wrapper.application; includeInIndex = 0; path = signarfy001.app; sourceTree = BUILT_PRODUCTS_DIR; };
		501A5943246B3F6500E1028F /* AppDelegate.swift */ = {isa = PBXFileReference; lastKnownFileType = sourcecode.swift; path = AppDelegate.swift; sourceTree = "<group>"; };
		501A5945246B3F6500E1028F /* SceneDelegate.swift */ = {isa = PBXFileReference; lastKnownFileType = sourcecode.swift; path = SceneDelegate.swift; sourceTree = "<group>"; };
		501A5947246B3F6500E1028F /* ViewController.swift */ = {isa = PBXFileReference; lastKnownFileType = sourcecode.swift; path = ViewController.swift; sourceTree = "<group>"; };
		501A594A246B3F6500E1028F /* Base */ = {isa = PBXFileReference; lastKnownFileType = file.storyboard; name = Base; path = Base.lproj/Main.storyboard; sourceTree = "<group>"; };
		501A594D246B3F6500E1028F /* signarfy001.xcdatamodel */ = {isa = PBXFileReference; lastKnownFileType = wrapper.xcdatamodel; path = signarfy001.xcdatamodel; sourceTree = "<group>"; };
		501A594F246B3F8100E1028F /* Assets.xcassets */ = {isa = PBXFileReference; lastKnownFileType = folder.assetcatalog; path = Assets.xcassets; sourceTree = "<group>"; };
		501A5952246B3F8100E1028F /* Base */ = {isa = PBXFileReference; lastKnownFileType = file.storyboard; name = Base; path = Base.lproj/LaunchScreen.storyboard; sourceTree = "<group>"; };
		501A5954246B3F8100E1028F /* Info.plist */ = {isa = PBXFileReference; lastKnownFileType = text.plist.xml; path = Info.plist; sourceTree = "<group>"; };
		501A5959246B3F8200E1028F /* signarfy001Tests.xctest */ = {isa = PBXFileReference; explicitFileType = wrapper.cfbundle; includeInIndex = 0; path = signarfy001Tests.xctest; sourceTree = BUILT_PRODUCTS_DIR; };
		501A595D246B3F8200E1028F /* signarfy001Tests.swift */ = {isa = PBXFileReference; lastKnownFileType = sourcecode.swift; path = signarfy001Tests.swift; sourceTree = "<group>"; };
		501A595F246B3F8200E1028F /* Info.plist */ = {isa = PBXFileReference; lastKnownFileType = text.plist.xml; path = Info.plist; sourceTree = "<group>"; };
		501A5964246B3F8200E1028F /* signarfy001UITests.xctest */ = {isa = PBXFileReference; explicitFileType = wrapper.cfbundle; includeInIndex = 0; path = signarfy001UITests.xctest; sourceTree = BUILT_PRODUCTS_DIR; };
		501A5968246B3F8200E1028F /* signarfy001UITests.swift */ = {isa = PBXFileReference; lastKnownFileType = sourcecode.swift; path = signarfy001UITests.swift; sourceTree = "<group>"; };
		501A596A246B3F8200E1028F /* Info.plist */ = {isa = PBXFileReference; lastKnownFileType = text.plist.xml; path = Info.plist; sourceTree = "<group>"; };
/* End PBXFileReference section */

/* Begin PBXFrameworksBuildPhase section */
		501A593D246B3F6500E1028F /* Frameworks */ = {
			isa = PBXFrameworksBuildPhase;
			buildActionMask = 2147483647;
			files = (
			);
			runOnlyForDeploymentPostprocessing = 0;
		};
		501A5956246B3F8200E1028F /* Frameworks */ = {
			isa = PBXFrameworksBuildPhase;
			buildActionMask = 2147483647;
			files = (
			);
			runOnlyForDeploymentPostprocessing = 0;
		};
		501A5961246B3F8200E1028F /* Frameworks */ = {
			isa = PBXFrameworksBuildPhase;
			buildActionMask = 2147483647;
			files = (
			);
			runOnlyForDeploymentPostprocessing = 0;
		};
/* End PBXFrameworksBuildPhase section */

/* Begin PBXGroup section */
		501A5937246B3F6500E1028F = {
			isa = PBXGroup;
			children = (
				501A5942246B3F6500E1028F /* signarfy001 */,
				501A595C246B3F8200E1028F /* signarfy001Tests */,
				501A5967246B3F8200E1028F /* signarfy001UITests */,
				501A5941246B3F6500E1028F /* Products */,
			);
			sourceTree = "<group>";
		};
		501A5941246B3F6500E1028F /* Products */ = {
			isa = PBXGroup;
			children = (
				501A5940246B3F6500E1028F /* signarfy001.app */,
				501A5959246B3F8200E1028F /* signarfy001Tests.xctest */,
				501A5964246B3F8200E1028F /* signarfy001UITests.xctest */,
			);
			name = Products;
			sourceTree = "<group>";
		};
		501A5942246B3F6500E1028F /* signarfy001 */ = {
			isa = PBXGroup;
			children = (
				501A5943246B3F6500E1028F /* AppDelegate.swift */,
				501A5945246B3F6500E1028F /* SceneDelegate.swift */,
				501A5947246B3F6500E1028F /* ViewController.swift */,
				501A5949246B3F6500E1028F /* Main.storyboard */,
				501A594F246B3F8100E1028F /* Assets.xcassets */,
				501A5951246B3F8100E1028F /* LaunchScreen.storyboard */,
				501A5954246B3F8100E1028F /* Info.plist */,
				501A594C246B3F6500E1028F /* signarfy001.xcdatamodeld */,
			);
			path = signarfy001;
			sourceTree = "<group>";
		};
		501A595C246B3F8200E1028F /* signarfy001Tests */ = {
			isa = PBXGroup;
			children = (
				501A595D246B3F8200E1028F /* signarfy001Tests.swift */,
				501A595F246B3F8200E1028F /* Info.plist */,
			);
			path = signarfy001Tests;
			sourceTree = "<group>";
		};
		501A5967246B3F8200E1028F /* signarfy001UITests */ = {
			isa = PBXGroup;
			children = (
				501A5968246B3F8200E1028F /* signarfy001UITests.swift */,
				501A596A246B3F8200E1028F /* Info.plist */,
			);
			path = signarfy001UITests;
			sourceTree = "<group>";
		};
/* End PBXGroup section */

/* Begin PBXNativeTarget section */
		501A593F246B3F6500E1028F /* signarfy001 */ = {
			isa = PBXNativeTarget;
			buildConfigurationList = 501A596D246B3F8200E1028F /* Build configuration list for PBXNativeTarget "signarfy001" */;
			buildPhases = (
				501A593C246B3F6500E1028F /* Sources */,
				501A593D246B3F6500E1028F /* Frameworks */,
				501A593E246B3F6500E1028F /* Resources */,
			);
			buildRules = (
			);
			dependencies = (
			);
			name = signarfy001;
			productName = signarfy001;
			productReference = 501A5940246B3F6500E1028F /* signarfy001.app */;
			productType = "com.apple.product-type.application";
		};
		501A5958246B3F8200E1028F /* signarfy001Tests */ = {
			isa = PBXNativeTarget;
			buildConfigurationList = 501A5970246B3F8200E1028F /* Build configuration list for PBXNativeTarget "signarfy001Tests" */;
			buildPhases = (
				501A5955246B3F8200E1028F /* Sources */,
				501A5956246B3F8200E1028F /* Frameworks */,
				501A5957246B3F8200E1028F /* Resources */,
			);
			buildRules = (
			);
			dependencies = (
				501A595B246B3F8200E1028F /* PBXTargetDependency */,
			);
			name = signarfy001Tests;
			productName = signarfy001Tests;
			productReference = 501A5959246B3F8200E1028F /* signarfy001Tests.xctest */;
			productType = "com.apple.product-type.bundle.unit-test";
		};
		501A5963246B3F8200E1028F /* signarfy001UITests */ = {
			isa = PBXNativeTarget;
			buildConfigurationList = 501A5973246B3F8200E1028F /* Build configuration list for PBXNativeTarget "signarfy001UITests" */;
			buildPhases = (
				501A5960246B3F8200E1028F /* Sources */,
				501A5961246B3F8200E1028F /* Frameworks */,
				501A5962246B3F8200E1028F /* Resources */,
			);
			buildRules = (
			);
			dependencies = (
				501A5966246B3F8200E1028F /* PBXTargetDependency */,
			);
			name = signarfy001UITests;
			productName = signarfy001UITests;
			productReference = 501A5964246B3F8200E1028F /* signarfy001UITests.xctest */;
			productType = "com.apple.product-type.bundle.ui-testing";
		};
/* End PBXNativeTarget section */

/* Begin PBXProject section */
		501A5938246B3F6500E1028F /* Project object */ = {
			isa = PBXProject;
			attributes = {
				LastSwiftUpdateCheck = 1130;
				LastUpgradeCheck = 1130;
				ORGANIZATIONNAME = "Rhulani ndhlovu";
				TargetAttributes = {
					501A593F246B3F6500E1028F = {
						CreatedOnToolsVersion = 11.3.1;
					};
					501A5958246B3F8200E1028F = {
						CreatedOnToolsVersion = 11.3.1;
						TestTargetID = 501A593F246B3F6500E1028F;
					};
					501A5963246B3F8200E1028F = {
						CreatedOnToolsVersion = 11.3.1;
						TestTargetID = 501A593F246B3F6500E1028F;
					};
				};
			};
			buildConfigurationList = 501A593B246B3F6500E1028F /* Build configuration list for PBXProject "signarfy001" */;
			compatibilityVersion = "Xcode 9.3";
			developmentRegion = en;
			hasScannedForEncodings = 0;
			knownRegions = (
				en,
				Base,
			);
			mainGroup = 501A5937246B3F6500E1028F;
			productRefGroup = 501A5941246B3F6500E1028F /* Products */;
			projectDirPath = "";
			projectRoot = "";
			targets = (
				501A593F246B3F6500E1028F /* signarfy001 */,
				501A5958246B3F8200E1028F /* signarfy001Tests */,
				501A5963246B3F8200E1028F /* signarfy001UITests */,
			);
		};
/* End PBXProject section */

/* Begin PBXResourcesBuildPhase section */
		501A593E246B3F6500E1028F /* Resources */ = {
			isa = PBXResourcesBuildPhase;
			buildActionMask = 2147483647;
			files = (
				501A5953246B3F8100E1028F /* LaunchScreen.storyboard in Resources */,
				501A5950246B3F8100E1028F /* Assets.xcassets in Resources */,
				501A594B246B3F6500E1028F /* Main.storyboard in Resources */,
			);
			runOnlyForDeploymentPostprocessing = 0;
		};
		501A5957246B3F8200E1028F /* Resources */ = {
			isa = PBXResourcesBuildPhase;
			buildActionMask = 2147483647;
			files = (
			);
			runOnlyForDeploymentPostprocessing = 0;
		};
		501A5962246B3F8200E1028F /* Resources */ = {
			isa = PBXResourcesBuildPhase;
			buildActionMask = 2147483647;
			files = (
			);
			runOnlyForDeploymentPostprocessing = 0;
		};
/* End PBXResourcesBuildPhase section */

/* Begin PBXSourcesBuildPhase section */
		501A593C246B3F6500E1028F /* Sources */ = {
			isa = PBXSourcesBuildPhase;
			buildActionMask = 2147483647;
			files = (
				501A594E246B3F6500E1028F /* signarfy001.xcdatamodeld in Sources */,
				501A5948246B3F6500E1028F /* ViewController.swift in Sources */,
				501A5944246B3F6500E1028F /* AppDelegate.swift in Sources */,
				501A5946246B3F6500E1028F /* SceneDelegate.swift in Sources */,
			);
			runOnlyForDeploymentPostprocessing = 0;
		};
		501A5955246B3F8200E1028F /* Sources */ = {
			isa = PBXSourcesBuildPhase;
			buildActionMask = 2147483647;
			files = (
				501A595E246B3F8200E1028F /* signarfy001Tests.swift in Sources */,
			);
			runOnlyForDeploymentPostprocessing = 0;
		};
		501A5960246B3F8200E1028F /* Sources */ = {
			isa = PBXSourcesBuildPhase;
			buildActionMask = 2147483647;
			files = (
				501A5969246B3F8200E1028F /* signarfy001UITests.swift in Sources */,
			);
			runOnlyForDeploymentPostprocessing = 0;
		};
/* End PBXSourcesBuildPhase section */

/* Begin PBXTargetDependency section */
		501A595B246B3F8200E1028F /* PBXTargetDependency */ = {
			isa = PBXTargetDependency;
			target = 501A593F246B3F6500E1028F /* signarfy001 */;
			targetProxy = 501A595A246B3F8200E1028F /* PBXContainerItemProxy */;
		};
		501A5966246B3F8200E1028F /* PBXTargetDependency */ = {
			isa = PBXTargetDependency;
			target = 501A593F246B3F6500E1028F /* signarfy001 */;
			targetProxy = 501A5965246B3F8200E1028F /* PBXContainerItemProxy */;
		};
/* End PBXTargetDependency section */

/* Begin PBXVariantGroup section */
		501A5949246B3F6500E1028F /* Main.storyboard */ = {
			isa = PBXVariantGroup;
			children = (
				501A594A246B3F6500E1028F /* Base */,
			);
			name = Main.storyboard;
			sourceTree = "<group>";
		};
		501A5951246B3F8100E1028F /* LaunchScreen.storyboard */ = {
			isa = PBXVariantGroup;
			children = (
				501A5952246B3F8100E1028F /* Base */,
			);
			name = LaunchScreen.storyboard;
			sourceTree = "<group>";
		};
/* End PBXVariantGroup section */

/* Begin XCBuildConfiguration section */
		501A596B246B3F8200E1028F /* Debug */ = {
			isa = XCBuildConfiguration;
			buildSettings = {
				ALWAYS_SEARCH_USER_PATHS = NO;
				CLANG_ANALYZER_NONNULL = YES;
				CLANG_ANALYZER_NUMBER_OBJECT_CONVERSION = YES_AGGRESSIVE;
				CLANG_CXX_LANGUAGE_STANDARD = "gnu++14";
				CLANG_CXX_LIBRARY = "libc++";
				CLANG_ENABLE_MODULES = YES;
				CLANG_ENABLE_OBJC_ARC = YES;
				CLANG_ENABLE_OBJC_WEAK = YES;
				CLANG_WARN_BLOCK_CAPTURE_AUTORELEASING = YES;
				CLANG_WARN_BOOL_CONVERSION = YES;
				CLANG_WARN_COMMA = YES;
				CLANG_WARN_CONSTANT_CONVERSION = YES;
				CLANG_WARN_DEPRECATED_OBJC_IMPLEMENTATIONS = YES;
				CLANG_WARN_DIRECT_OBJC_ISA_USAGE = YES_ERROR;
				CLANG_WARN_DOCUMENTATION_COMMENTS = YES;
				CLANG_WARN_EMPTY_BODY = YES;
				CLANG_WARN_ENUM_CONVERSION = YES;
				CLANG_WARN_INFINITE_RECURSION = YES;
				CLANG_WARN_INT_CONVERSION = YES;
				CLANG_WARN_NON_LITERAL_NULL_CONVERSION = YES;
				CLANG_WARN_OBJC_IMPLICIT_RETAIN_SELF = YES;
				CLANG_WARN_OBJC_LITERAL_CONVERSION = YES;
				CLANG_WARN_OBJC_ROOT_CLASS = YES_ERROR;
				CLANG_WARN_RANGE_LOOP_ANALYSIS = YES;
				CLANG_WARN_STRICT_PROTOTYPES = YES;
				CLANG_WARN_SUSPICIOUS_MOVE = YES;
				CLANG_WARN_UNGUARDED_AVAILABILITY = YES_AGGRESSIVE;
				CLANG_WARN_UNREACHABLE_CODE = YES;
				CLANG_WARN__DUPLICATE_METHOD_MATCH = YES;
				COPY_PHASE_STRIP = NO;
				DEBUG_INFORMATION_FORMAT = dwarf;
				ENABLE_STRICT_OBJC_MSGSEND = YES;
				ENABLE_TESTABILITY = YES;
				GCC_C_LANGUAGE_STANDARD = gnu11;
				GCC_DYNAMIC_NO_PIC = NO;
				GCC_NO_COMMON_BLOCKS = YES;
				GCC_OPTIMIZATION_LEVEL = 0;
				GCC_PREPROCESSOR_DEFINITIONS = (
					"DEBUG=1",
					"$(inherited)",
				);
				GCC_WARN_64_TO_32_BIT_CONVERSION = YES;
				GCC_WARN_ABOUT_RETURN_TYPE = YES_ERROR;
				GCC_WARN_UNDECLARED_SELECTOR = YES;
				GCC_WARN_UNINITIALIZED_AUTOS = YES_AGGRESSIVE;
				GCC_WARN_UNUSED_FUNCTION = YES;
				GCC_WARN_UNUSED_VARIABLE = YES;
				IPHONEOS_DEPLOYMENT_TARGET = 13.2;
				MTL_ENABLE_DEBUG_INFO = INCLUDE_SOURCE;
				MTL_FAST_MATH = YES;
				ONLY_ACTIVE_ARCH = YES;
				SDKROOT = iphoneos;
				SWIFT_ACTIVE_COMPILATION_CONDITIONS = DEBUG;
				SWIFT_OPTIMIZATION_LEVEL = "-Onone";
			};
			name = Debug;
		};
		501A596C246B3F8200E1028F /* Release */ = {
			isa = XCBuildConfiguration;
			buildSettings = {
				ALWAYS_SEARCH_USER_PATHS = NO;
				CLANG_ANALYZER_NONNULL = YES;
				CLANG_ANALYZER_NUMBER_OBJECT_CONVERSION = YES_AGGRESSIVE;
				CLANG_CXX_LANGUAGE_STANDARD = "gnu++14";
				CLANG_CXX_LIBRARY = "libc++";
				CLANG_ENABLE_MODULES = YES;
				CLANG_ENABLE_OBJC_ARC = YES;
				CLANG_ENABLE_OBJC_WEAK = YES;
				CLANG_WARN_BLOCK_CAPTURE_AUTORELEASING = YES;
				CLANG_WARN_BOOL_CONVERSION = YES;
				CLANG_WARN_COMMA = YES;
				CLANG_WARN_CONSTANT_CONVERSION = YES;
				CLANG_WARN_DEPRECATED_OBJC_IMPLEMENTATIONS = YES;
				CLANG_WARN_DIRECT_OBJC_ISA_USAGE = YES_ERROR;
				CLANG_WARN_DOCUMENTATION_COMMENTS = YES;
				CLANG_WARN_EMPTY_BODY = YES;
				CLANG_WARN_ENUM_CONVERSION = YES;
				CLANG_WARN_INFINITE_RECURSION = YES;
				CLANG_WARN_INT_CONVERSION = YES;
				CLANG_WARN_NON_LITERAL_NULL_CONVERSION = YES;
				CLANG_WARN_OBJC_IMPLICIT_RETAIN_SELF = YES;
				CLANG_WARN_OBJC_LITERAL_CONVERSION = YES;
				CLANG_WARN_OBJC_ROOT_CLASS = YES_ERROR;
				CLANG_WARN_RANGE_LOOP_ANALYSIS = YES;
				CLANG_WARN_STRICT_PROTOTYPES = YES;
				CLANG_WARN_SUSPICIOUS_MOVE = YES;
				CLANG_WARN_UNGUARDED_AVAILABILITY = YES_AGGRESSIVE;
				CLANG_WARN_UNREACHABLE_CODE = YES;
				CLANG_WARN__DUPLICATE_METHOD_MATCH = YES;
				COPY_PHASE_STRIP = NO;
				DEBUG_INFORMATION_FORMAT = "dwarf-with-dsym";
				ENABLE_NS_ASSERTIONS = NO;
				ENABLE_STRICT_OBJC_MSGSEND = YES;
				GCC_C_LANGUAGE_STANDARD = gnu11;
				GCC_NO_COMMON_BLOCKS = YES;
				GCC_WARN_64_TO_32_BIT_CONVERSION = YES;
				GCC_WARN_ABOUT_RETURN_TYPE = YES_ERROR;
				GCC_WARN_UNDECLARED_SELECTOR = YES;
				GCC_WARN_UNINITIALIZED_AUTOS = YES_AGGRESSIVE;
				GCC_WARN_UNUSED_FUNCTION = YES;
				GCC_WARN_UNUSED_VARIABLE = YES;
				IPHONEOS_DEPLOYMENT_TARGET = 13.2;
				MTL_ENABLE_DEBUG_INFO = NO;
				MTL_FAST_MATH = YES;
				SDKROOT = iphoneos;
				SWIFT_COMPILATION_MODE = wholemodule;
				SWIFT_OPTIMIZATION_LEVEL = "-O";
				VALIDATE_PRODUCT = YES;
			};
			name = Release;
		};
		501A596E246B3F8200E1028F /* Debug */ = {
			isa = XCBuildConfiguration;
			buildSettings = {
				ASSETCATALOG_COMPILER_APPICON_NAME = AppIcon;
				CODE_SIGN_STYLE = Automatic;
				DEVELOPMENT_TEAM = Z6TSH57GCP;
				INFOPLIST_FILE = signarfy001/Info.plist;
				LD_RUNPATH_SEARCH_PATHS = (
					"$(inherited)",
					"@executable_path/Frameworks",
				);
				PRODUCT_BUNDLE_IDENTIFIER = "com.codename-rhu.signarfy001";
				PRODUCT_NAME = "$(TARGET_NAME)";
				SWIFT_VERSION = 5.0;
				TARGETED_DEVICE_FAMILY = "1,2";
			};
			name = Debug;
		};
		501A596F246B3F8200E1028F /* Release */ = {
			isa = XCBuildConfiguration;
			buildSettings = {
				ASSETCATALOG_COMPILER_APPICON_NAME = AppIcon;
				CODE_SIGN_STYLE = Automatic;
				DEVELOPMENT_TEAM = Z6TSH57GCP;
				INFOPLIST_FILE = signarfy001/Info.plist;
				LD_RUNPATH_SEARCH_PATHS = (
					"$(inherited)",
					"@executable_path/Frameworks",
				);
				PRODUCT_BUNDLE_IDENTIFIER = "com.codename-rhu.signarfy001";
				PRODUCT_NAME = "$(TARGET_NAME)";
				SWIFT_VERSION = 5.0;
				TARGETED_DEVICE_FAMILY = "1,2";
			};
			name = Release;
		};
		501A5971246B3F8200E1028F /* Debug */ = {
			isa = XCBuildConfiguration;
			buildSettings = {
				ALWAYS_EMBED_SWIFT_STANDARD_LIBRARIES = YES;
				BUNDLE_LOADER = "$(TEST_HOST)";
				CODE_SIGN_STYLE = Automatic;
				DEVELOPMENT_TEAM = Z6TSH57GCP;
				INFOPLIST_FILE = signarfy001Tests/Info.plist;
				IPHONEOS_DEPLOYMENT_TARGET = 13.2;
				LD_RUNPATH_SEARCH_PATHS = (
					"$(inherited)",
					"@executable_path/Frameworks",
					"@loader_path/Frameworks",
				);
				PRODUCT_BUNDLE_IDENTIFIER = "com.codename-rhu.signarfy001Tests";
				PRODUCT_NAME = "$(TARGET_NAME)";
				SWIFT_VERSION = 5.0;
				TARGETED_DEVICE_FAMILY = "1,2";
				TEST_HOST = "$(BUILT_PRODUCTS_DIR)/signarfy001.app/signarfy001";
			};
			name = Debug;
		};
		501A5972246B3F8200E1028F /* Release */ = {
			isa = XCBuildConfiguration;
			buildSettings = {
				ALWAYS_EMBED_SWIFT_STANDARD_LIBRARIES = YES;
				BUNDLE_LOADER = "$(TEST_HOST)";
				CODE_SIGN_STYLE = Automatic;
				DEVELOPMENT_TEAM = Z6TSH57GCP;
				INFOPLIST_FILE = signarfy001Tests/Info.plist;
				IPHONEOS_DEPLOYMENT_TARGET = 13.2;
				LD_RUNPATH_SEARCH_PATHS = (
					"$(inherited)",
					"@executable_path/Frameworks",
					"@loader_path/Frameworks",
				);
				PRODUCT_BUNDLE_IDENTIFIER = "com.codename-rhu.signarfy001Tests";
				PRODUCT_NAME = "$(TARGET_NAME)";
				SWIFT_VERSION = 5.0;
				TARGETED_DEVICE_FAMILY = "1,2";
				TEST_HOST = "$(BUILT_PRODUCTS_DIR)/signarfy001.app/signarfy001";
			};
			name = Release;
		};
		501A5974246B3F8200E1028F /* Debug */ = {
			isa = XCBuildConfiguration;
			buildSettings = {
				ALWAYS_EMBED_SWIFT_STANDARD_LIBRARIES = YES;
				CODE_SIGN_STYLE = Automatic;
				DEVELOPMENT_TEAM = Z6TSH57GCP;
				INFOPLIST_FILE = signarfy001UITests/Info.plist;
				LD_RUNPATH_SEARCH_PATHS = (
					"$(inherited)",
					"@executable_path/Frameworks",
					"@loader_path/Frameworks",
				);
				PRODUCT_BUNDLE_IDENTIFIER = "com.codename-rhu.signarfy001UITests";
				PRODUCT_NAME = "$(TARGET_NAME)";
				SWIFT_VERSION = 5.0;
				TARGETED_DEVICE_FAMILY = "1,2";
				TEST_TARGET_NAME = signarfy001;
			};
			name = Debug;
		};
		501A5975246B3F8200E1028F /* Release */ = {
			isa = XCBuildConfiguration;
			buildSettings = {
				ALWAYS_EMBED_SWIFT_STANDARD_LIBRARIES = YES;
				CODE_SIGN_STYLE = Automatic;
				DEVELOPMENT_TEAM = Z6TSH57GCP;
				INFOPLIST_FILE = signarfy001UITests/Info.plist;
				LD_RUNPATH_SEARCH_PATHS = (
					"$(inherited)",
					"@executable_path/Frameworks",
					"@loader_path/Frameworks",
				);
				PRODUCT_BUNDLE_IDENTIFIER = "com.codename-rhu.signarfy001UITests";
				PRODUCT_NAME = "$(TARGET_NAME)";
				SWIFT_VERSION = 5.0;
				TARGETED_DEVICE_FAMILY = "1,2";
				TEST_TARGET_NAME = signarfy001;
			};
			name = Release;
		};
/* End XCBuildConfiguration section */

/* Begin XCConfigurationList section */
		501A593B246B3F6500E1028F /* Build configuration list for PBXProject "signarfy001" */ = {
			isa = XCConfigurationList;
			buildConfigurations = (
				501A596B246B3F8200E1028F /* Debug */,
				501A596C246B3F8200E1028F /* Release */,
			);
			defaultConfigurationIsVisible = 0;
			defaultConfigurationName = Release;
		};
		501A596D246B3F8200E1028F /* Build configuration list for PBXNativeTarget "signarfy001" */ = {
			isa = XCConfigurationList;
			buildConfigurations = (
				501A596E246B3F8200E1028F /* Debug */,
				501A596F246B3F8200E1028F /* Release */,
			);
			defaultConfigurationIsVisible = 0;
			defaultConfigurationName = Release;
		};
		501A5970246B3F8200E1028F /* Build configuration list for PBXNativeTarget "signarfy001Tests" */ = {
			isa = XCConfigurationList;
			buildConfigurations = (
				501A5971246B3F8200E1028F /* Debug */,
				501A5972246B3F8200E1028F /* Release */,
			);
			defaultConfigurationIsVisible = 0;
			defaultConfigurationName = Release;
		};
		501A5973246B3F8200E1028F /* Build configuration list for PBXNativeTarget "signarfy001UITests" */ = {
			isa = XCConfigurationList;
			buildConfigurations = (
				501A5974246B3F8200E1028F /* Debug */,
				501A5975246B3F8200E1028F /* Release */,
			);
			defaultConfigurationIsVisible = 0;
			defaultConfigurationName = Release;
		};
/* End XCConfigurationList section */

/* Begin XCVersionGroup section */
		501A594C246B3F6500E1028F /* signarfy001.xcdatamodeld */ = {
			isa = XCVersionGroup;
			children = (
				501A594D246B3F6500E1028F /* signarfy001.xcdatamodel */,
			);
			currentVersion = 501A594D246B3F6500E1028F /* signarfy001.xcdatamodel */;
			path = signarfy001.xcdatamodeld;
			sourceTree = "<group>";
			versionGroupType = wrapper.xcdatamodel;
		};
/* End XCVersionGroup section */
	};
	rootObject = 501A5938246B3F6500E1028F /* Project object */;
}
